// !$*UTF8*$!
{
	archiveVersion = 1;
	classes = {
	};
	objectVersion = 50;
	objects = {

/* Begin PBXBuildFile section */
		FA202A1F20A5117D00A501FC /* AppDelegate.swift in Sources */ = {isa = PBXBuildFile; fileRef = FA202A1E20A5117D00A501FC /* AppDelegate.swift */; };
		FA202A2120A5117D00A501FC /* ViewController.swift in Sources */ = {isa = PBXBuildFile; fileRef = FA202A2020A5117D00A501FC /* ViewController.swift */; };
		FA202A2420A5117D00A501FC /* Main.storyboard in Resources */ = {isa = PBXBuildFile; fileRef = FA202A2220A5117D00A501FC /* Main.storyboard */; };
		FA202A2620A5118B00A501FC /* Assets.xcassets in Resources */ = {isa = PBXBuildFile; fileRef = FA202A2520A5118B00A501FC /* Assets.xcassets */; };
		FA202A2920A5118B00A501FC /* LaunchScreen.storyboard in Resources */ = {isa = PBXBuildFile; fileRef = FA202A2720A5118B00A501FC /* LaunchScreen.storyboard */; };
		FA202A3220A5176700A501FC /* MusicQuestion.swift in Sources */ = {isa = PBXBuildFile; fileRef = FA202A3120A5176700A501FC /* MusicQuestion.swift */; };
		FAA18D5D20A648BE00B619F6 /* MusicQuestionBank.swift in Sources */ = {isa = PBXBuildFile; fileRef = FAA18D5C20A648BE00B619F6 /* MusicQuestionBank.swift */; };
/* End PBXBuildFile section */

/* Begin PBXFileReference section */
		FA202A1B20A5117D00A501FC /* quizme.app */ = {isa = PBXFileReference; explicitFileType = wrapper.application; includeInIndex = 0; path = quizme.app; sourceTree = BUILT_PRODUCTS_DIR; };
		FA202A1E20A5117D00A501FC /* AppDelegate.swift */ = {isa = PBXFileReference; lastKnownFileType = sourcecode.swift; path = AppDelegate.swift; sourceTree = "<group>"; };
		FA202A2020A5117D00A501FC /* ViewController.swift */ = {isa = PBXFileReference; lastKnownFileType = sourcecode.swift; path = ViewController.swift; sourceTree = "<group>"; };
		FA202A2320A5117D00A501FC /* Base */ = {isa = PBXFileReference; lastKnownFileType = file.storyboard; name = Base; path = Base.lproj/Main.storyboard; sourceTree = "<group>"; };
		FA202A2520A5118B00A501FC /* Assets.xcassets */ = {isa = PBXFileReference; lastKnownFileType = folder.assetcatalog; path = Assets.xcassets; sourceTree = "<group>"; };
		FA202A2820A5118B00A501FC /* Base */ = {isa = PBXFileReference; lastKnownFileType = file.storyboard; name = Base; path = Base.lproj/LaunchScreen.storyboard; sourceTree = "<group>"; };
		FA202A2A20A5118B00A501FC /* Info.plist */ = {isa = PBXFileReference; lastKnownFileType = text.plist.xml; path = Info.plist; sourceTree = "<group>"; };
		FA202A3120A5176700A501FC /* MusicQuestion.swift */ = {isa = PBXFileReference; lastKnownFileType = sourcecode.swift; path = MusicQuestion.swift; sourceTree = "<group>"; };
		FAA18D5C20A648BE00B619F6 /* MusicQuestionBank.swift */ = {isa = PBXFileReference; lastKnownFileType = sourcecode.swift; path = MusicQuestionBank.swift; sourceTree = "<group>"; };
/* End PBXFileReference section */

/* Begin PBXFrameworksBuildPhase section */
		FA202A1820A5117D00A501FC /* Frameworks */ = {
			isa = PBXFrameworksBuildPhase;
			buildActionMask = 2147483647;
			files = (
			);
			runOnlyForDeploymentPostprocessing = 0;
		};
/* End PBXFrameworksBuildPhase section */

/* Begin PBXGroup section */
		FA202A1220A5117D00A501FC = {
			isa = PBXGroup;
			children = (
				FA202A3020A516EF00A501FC /* Model */,
				FA202A1D20A5117D00A501FC /* quizme */,
				FA202A1C20A5117D00A501FC /* Products */,
			);
			sourceTree = "<group>";
		};
		FA202A1C20A5117D00A501FC /* Products */ = {
			isa = PBXGroup;
			children = (
				FA202A1B20A5117D00A501FC /* quizme.app */,
			);
			name = Products;
			sourceTree = "<group>";
		};
		FA202A1D20A5117D00A501FC /* quizme */ = {
			isa = PBXGroup;
			children = (
				FA202A1E20A5117D00A501FC /* AppDelegate.swift */,
				FA202A2020A5117D00A501FC /* ViewController.swift */,
				FA202A2220A5117D00A501FC /* Main.storyboard */,
				FA202A2520A5118B00A501FC /* Assets.xcassets */,
				FA202A2720A5118B00A501FC /* LaunchScreen.storyboard */,
				FA202A2A20A5118B00A501FC /* Info.plist */,
			);
			path = quizme;
			sourceTree = "<group>";
		};
		FA202A3020A516EF00A501FC /* Model */ = {
			isa = PBXGroup;
			children = (
				FA202A3120A5176700A501FC /* MusicQuestion.swift */,
				FAA18D5C20A648BE00B619F6 /* MusicQuestionBank.swift */,
			);
			path = Model;
			sourceTree = "<group>";
		};
/* End PBXGroup section */

/* Begin PBXNativeTarget section */
		FA202A1A20A5117D00A501FC /* quizme */ = {
			isa = PBXNativeTarget;
			buildConfigurationList = FA202A2D20A5118B00A501FC /* Build configuration list for PBXNativeTarget "quizme" */;
			buildPhases = (
				FA202A1720A5117D00A501FC /* Sources */,
				FA202A1820A5117D00A501FC /* Frameworks */,
				FA202A1920A5117D00A501FC /* Resources */,
			);
			buildRules = (
			);
			dependencies = (
			);
			name = quizme;
			productName = quizme;
			productReference = FA202A1B20A5117D00A501FC /* quizme.app */;
			productType = "com.apple.product-type.application";
		};
/* End PBXNativeTarget section */

/* Begin PBXProject section */
		FA202A1320A5117D00A501FC /* Project object */ = {
			isa = PBXProject;
			attributes = {
				LastSwiftUpdateCheck = 0930;
				LastUpgradeCheck = 0930;
				ORGANIZATIONNAME = Yohana;
				TargetAttributes = {
					FA202A1A20A5117D00A501FC = {
						CreatedOnToolsVersion = 9.3;
					};
				};
			};
			buildConfigurationList = FA202A1620A5117D00A501FC /* Build configuration list for PBXProject "quizme" */;
			compatibilityVersion = "Xcode 9.3";
			developmentRegion = en;
			hasScannedForEncodings = 0;
			knownRegions = (
				en,
				Base,
			);
			mainGroup = FA202A1220A5117D00A501FC;
			productRefGroup = FA202A1C20A5117D00A501FC /* Products */;
			projectDirPath = "";
			projectRoot = "";
			targets = (
				FA202A1A20A5117D00A501FC /* quizme */,
			);
		};
/* End PBXProject section */

/* Begin PBXResourcesBuildPhase section */
		FA202A1920A5117D00A501FC /* Resources */ = {
			isa = PBXResourcesBuildPhase;
			buildActionMask = 2147483647;
			files = (
				FA202A2920A5118B00A501FC /* LaunchScreen.storyboard in Resources */,
				FA202A2620A5118B00A501FC /* Assets.xcassets in Resources */,
				FA202A2420A5117D00A501FC /* Main.storyboard in Resources */,
			);
			runOnlyForDeploymentPostprocessing = 0;
		};
/* End PBXResourcesBuildPhase section */

/* Begin PBXSourcesBuildPhase section */
		FA202A1720A5117D00A501FC /* Sources */ = {
			isa = PBXSourcesBuildPhase;
			buildActionMask = 2147483647;
			files = (
				FA202A3220A5176700A501FC /* MusicQuestion.swift in Sources */,
				FA202A2120A5117D00A501FC /* ViewController.swift in Sources */,
				FA202A1F20A5117D00A501FC /* AppDelegate.swift in Sources */,
				FAA18D5D20A648BE00B619F6 /* MusicQuestionBank.swift in Sources */,
			);
			runOnlyForDeploymentPostprocessing = 0;
		};
/* End PBXSourcesBuildPhase section */

/* Begin PBXVariantGroup section */
		FA202A2220A5117D00A501FC /* Main.storyboard */ = {
			isa = PBXVariantGroup;
			children = (
				FA202A2320A5117D00A501FC /* Base */,
			);
			name = Main.storyboard;
			sourceTree = "<group>";
		};
		FA202A2720A5118B00A501FC /* LaunchScreen.storyboard */ = {
			isa = PBXVariantGroup;
			children = (
				FA202A2820A5118B00A501FC /* Base */,
			);
			name = LaunchScreen.storyboard;
			sourceTree = "<group>";
		};
/* End PBXVariantGroup section */

/* Begin XCBuildConfiguration section */
		FA202A2B20A5118B00A501FC /* Debug */ = {
			isa = XCBuildConfiguration;
			buildSettings = {
				ALWAYS_SEARCH_USER_PATHS = NO;
				CLANG_ANALYZER_NONNULL = YES;
				CLANG_ANALYZER_NUMBER_OBJECT_CONVERSION = YES_AGGRESSIVE;
				CLANG_CXX_LANGUAGE_STANDARD = "gnu++14";
				CLANG_CXX_LIBRARY = "libc++";
				CLANG_ENABLE_MODULES = YES;
				CLANG_ENABLE_OBJC_ARC = YES;
				CLANG_ENABLE_OBJC_WEAK = YES;
				CLANG_WARN_BLOCK_CAPTURE_AUTORELEASING = YES;
				CLANG_WARN_BOOL_CONVERSION = YES;
				CLANG_WARN_COMMA = YES;
				CLANG_WARN_CONSTANT_CONVERSION = YES;
				CLANG_WARN_DEPRECATED_OBJC_IMPLEMENTATIONS = YES;
				CLANG_WARN_DIRECT_OBJC_ISA_USAGE = YES_ERROR;
				CLANG_WARN_DOCUMENTATION_COMMENTS = YES;
				CLANG_WARN_EMPTY_BODY = YES;
				CLANG_WARN_ENUM_CONVERSION = YES;
				CLANG_WARN_INFINITE_RECURSION = YES;
				CLANG_WARN_INT_CONVERSION = YES;
				CLANG_WARN_NON_LITERAL_NULL_CONVERSION = YES;
				CLANG_WARN_OBJC_IMPLICIT_RETAIN_SELF = YES;
				CLANG_WARN_OBJC_LITERAL_CONVERSION = YES;
				CLANG_WARN_OBJC_ROOT_CLASS = YES_ERROR;
				CLANG_WARN_RANGE_LOOP_ANALYSIS = YES;
				CLANG_WARN_STRICT_PROTOTYPES = YES;
				CLANG_WARN_SUSPICIOUS_MOVE = YES;
				CLANG_WARN_UNGUARDED_AVAILABILITY = YES_AGGRESSIVE;
				CLANG_WARN_UNREACHABLE_CODE = YES;
				CLANG_WARN__DUPLICATE_METHOD_MATCH = YES;
				CODE_SIGN_IDENTITY = "iPhone Developer";
				COPY_PHASE_STRIP = NO;
				DEBUG_INFORMATION_FORMAT = dwarf;
				ENABLE_STRICT_OBJC_MSGSEND = YES;
				ENABLE_TESTABILITY = YES;
				GCC_C_LANGUAGE_STANDARD = gnu11;
				GCC_DYNAMIC_NO_PIC = NO;
				GCC_NO_COMMON_BLOCKS = YES;
				GCC_OPTIMIZATION_LEVEL = 0;
				GCC_PREPROCESSOR_DEFINITIONS = (
					"DEBUG=1",
					"$(inherited)",
				);
				GCC_WARN_64_TO_32_BIT_CONVERSION = YES;
				GCC_WARN_ABOUT_RETURN_TYPE = YES_ERROR;
				GCC_WARN_UNDECLARED_SELECTOR = YES;
				GCC_WARN_UNINITIALIZED_AUTOS = YES_AGGRESSIVE;
				GCC_WARN_UNUSED_FUNCTION = YES;
				GCC_WARN_UNUSED_VARIABLE = YES;
				IPHONEOS_DEPLOYMENT_TARGET = 11.3;
				MTL_ENABLE_DEBUG_INFO = YES;
				ONLY_ACTIVE_ARCH = YES;
				SDKROOT = iphoneos;
				SWIFT_ACTIVE_COMPILATION_CONDITIONS = DEBUG;
				SWIFT_OPTIMIZATION_LEVEL = "-Onone";
			};
			name = Debug;
		};
		FA202A2C20A5118B00A501FC /* Release */ = {
			isa = XCBuildConfiguration;
			buildSettings = {
				ALWAYS_SEARCH_USER_PATHS = NO;
				CLANG_ANALYZER_NONNULL = YES;
				CLANG_ANALYZER_NUMBER_OBJECT_CONVERSION = YES_AGGRESSIVE;
				CLANG_CXX_LANGUAGE_STANDARD = "gnu++14";
				CLANG_CXX_LIBRARY = "libc++";
				CLANG_ENABLE_MODULES = YES;
				CLANG_ENABLE_OBJC_ARC = YES;
				CLANG_ENABLE_OBJC_WEAK = YES;
				CLANG_WARN_BLOCK_CAPTURE_AUTORELEASING = YES;
				CLANG_WARN_BOOL_CONVERSION = YES;
				CLANG_WARN_COMMA = YES;
				CLANG_WARN_CONSTANT_CONVERSION = YES;
				CLANG_WARN_DEPRECATED_OBJC_IMPLEMENTATIONS = YES;
				CLANG_WARN_DIRECT_OBJC_ISA_USAGE = YES_ERROR;
				CLANG_WARN_DOCUMENTATION_COMMENTS = YES;
				CLANG_WARN_EMPTY_BODY = YES;
				CLANG_WARN_ENUM_CONVERSION = YES;
				CLANG_WARN_INFINITE_RECURSION = YES;
				CLANG_WARN_INT_CONVERSION = YES;
				CLANG_WARN_NON_LITERAL_NULL_CONVERSION = YES;
				CLANG_WARN_OBJC_IMPLICIT_RETAIN_SELF = YES;
				CLANG_WARN_OBJC_LITERAL_CONVERSION = YES;
				CLANG_WARN_OBJC_ROOT_CLASS = YES_ERROR;
				CLANG_WARN_RANGE_LOOP_ANALYSIS = YES;
				CLANG_WARN_STRICT_PROTOTYPES = YES;
				CLANG_WARN_SUSPICIOUS_MOVE = YES;
				CLANG_WARN_UNGUARDED_AVAILABILITY = YES_AGGRESSIVE;
				CLANG_WARN_UNREACHABLE_CODE = YES;
				CLANG_WARN__DUPLICATE_METHOD_MATCH = YES;
				CODE_SIGN_IDENTITY = "iPhone Developer";
				COPY_PHASE_STRIP = NO;
				DEBUG_INFORMATION_FORMAT = "dwarf-with-dsym";
				ENABLE_NS_ASSERTIONS = NO;
				ENABLE_STRICT_OBJC_MSGSEND = YES;
				GCC_C_LANGUAGE_STANDARD = gnu11;
				GCC_NO_COMMON_BLOCKS = YES;
				GCC_WARN_64_TO_32_BIT_CONVERSION = YES;
				GCC_WARN_ABOUT_RETURN_TYPE = YES_ERROR;
				GCC_WARN_UNDECLARED_SELECTOR = YES;
				GCC_WARN_UNINITIALIZED_AUTOS = YES_AGGRESSIVE;
				GCC_WARN_UNUSED_FUNCTION = YES;
				GCC_WARN_UNUSED_VARIABLE = YES;
				IPHONEOS_DEPLOYMENT_TARGET = 11.3;
				MTL_ENABLE_DEBUG_INFO = NO;
				SDKROOT = iphoneos;
				SWIFT_COMPILATION_MODE = wholemodule;
				SWIFT_OPTIMIZATION_LEVEL = "-O";
				VALIDATE_PRODUCT = YES;
			};
			name = Release;
		};
		FA202A2E20A5118B00A501FC /* Debug */ = {
			isa = XCBuildConfiguration;
			buildSettings = {
				ASSETCATALOG_COMPILER_APPICON_NAME = AppIcon;
				CODE_SIGN_STYLE = Automatic;
				INFOPLIST_FILE = quizme/Info.plist;
				LD_RUNPATH_SEARCH_PATHS = (
					"$(inherited)",
					"@executable_path/Frameworks",
				);
				PRODUCT_BUNDLE_IDENTIFIER = com.fullcircle.quizme;
				PRODUCT_NAME = "$(TARGET_NAME)";
				SWIFT_VERSION = 4.0;
				TARGETED_DEVICE_FAMILY = "1,2";
			};
			name = Debug;
		};
		FA202A2F20A5118B00A501FC /* Release */ = {
			isa = XCBuildConfiguration;
			buildSettings = {
				ASSETCATALOG_COMPILER_APPICON_NAME = AppIcon;
				CODE_SIGN_STYLE = Automatic;
				INFOPLIST_FILE = quizme/Info.plist;
				LD_RUNPATH_SEARCH_PATHS = (
					"$(inherited)",
					"@executable_path/Frameworks",
				);
				PRODUCT_BUNDLE_IDENTIFIER = com.fullcircle.quizme;
				PRODUCT_NAME = "$(TARGET_NAME)";
				SWIFT_VERSION = 4.0;
				TARGETED_DEVICE_FAMILY = "1,2";
			};
			name = Release;
		};
/* End XCBuildConfiguration section */

/* Begin XCConfigurationList section */
		FA202A1620A5117D00A501FC /* Build configuration list for PBXProject "quizme" */ = {
			isa = XCConfigurationList;
			buildConfigurations = (
				FA202A2B20A5118B00A501FC /* Debug */,
				FA202A2C20A5118B00A501FC /* Release */,
			);
			defaultConfigurationIsVisible = 0;
			defaultConfigurationName = Release;
		};
		FA202A2D20A5118B00A501FC /* Build configuration list for PBXNativeTarget "quizme" */ = {
			isa = XCConfigurationList;
			buildConfigurations = (
				FA202A2E20A5118B00A501FC /* Debug */,
				FA202A2F20A5118B00A501FC /* Release */,
			);
			defaultConfigurationIsVisible = 0;
			defaultConfigurationName = Release;
		};
/* End XCConfigurationList section */
	};
	rootObject = FA202A1320A5117D00A501FC /* Project object */;
}
